// !$*UTF8*$!
{
	archiveVersion = 1;
	classes = {
	};
	objectVersion = 55;
	objects = {

/* Begin PBXBuildFile section */
		DEBD5F7428CA5A3C00B31B3B /* FoodDetailsView.swift in Sources */ = {isa = PBXBuildFile; fileRef = DEBD5F7328CA5A3C00B31B3B /* FoodDetailsView.swift */; };
		DEBD5F7728CA655B00B31B3B /* NetworkObservers.swift in Sources */ = {isa = PBXBuildFile; fileRef = DEBD5F7628CA655B00B31B3B /* NetworkObservers.swift */; };
		DEE8C9B128C8AAE7007410A8 /* RadyaLabs_RecruitmentApp.swift in Sources */ = {isa = PBXBuildFile; fileRef = DEE8C9B028C8AAE7007410A8 /* RadyaLabs_RecruitmentApp.swift */; };
		DEE8C9B528C8AAE8007410A8 /* Assets.xcassets in Resources */ = {isa = PBXBuildFile; fileRef = DEE8C9B428C8AAE8007410A8 /* Assets.xcassets */; };
		DEE8C9B828C8AAE8007410A8 /* Preview Assets.xcassets in Resources */ = {isa = PBXBuildFile; fileRef = DEE8C9B728C8AAE8007410A8 /* Preview Assets.xcassets */; };
		DEEF54C128C9C9B6000BA887 /* ListFoodsViewModel.swift in Sources */ = {isa = PBXBuildFile; fileRef = DEEF54C028C9C9B6000BA887 /* ListFoodsViewModel.swift */; };
		DEEF54C328C9F590000BA887 /* Food.swift in Sources */ = {isa = PBXBuildFile; fileRef = DEEF54C228C9F590000BA887 /* Food.swift */; };
		DEEF54CA28C9FD21000BA887 /* ListFoodsView.swift in Sources */ = {isa = PBXBuildFile; fileRef = DEEF54C928C9FD21000BA887 /* ListFoodsView.swift */; };
		DEEF54CD28C9FFC3000BA887 /* FoodCard.swift in Sources */ = {isa = PBXBuildFile; fileRef = DEEF54CC28C9FFC3000BA887 /* FoodCard.swift */; };
/* End PBXBuildFile section */

/* Begin PBXFileReference section */
		DEBD5F7328CA5A3C00B31B3B /* FoodDetailsView.swift */ = {isa = PBXFileReference; lastKnownFileType = sourcecode.swift; path = FoodDetailsView.swift; sourceTree = "<group>"; };
		DEBD5F7628CA655B00B31B3B /* NetworkObservers.swift */ = {isa = PBXFileReference; lastKnownFileType = sourcecode.swift; path = NetworkObservers.swift; sourceTree = "<group>"; };
		DEE8C9AD28C8AAE7007410A8 /* RadyaLabs Recruitment.app */ = {isa = PBXFileReference; explicitFileType = wrapper.application; includeInIndex = 0; path = "RadyaLabs Recruitment.app"; sourceTree = BUILT_PRODUCTS_DIR; };
		DEE8C9B028C8AAE7007410A8 /* RadyaLabs_RecruitmentApp.swift */ = {isa = PBXFileReference; lastKnownFileType = sourcecode.swift; path = RadyaLabs_RecruitmentApp.swift; sourceTree = "<group>"; };
		DEE8C9B428C8AAE8007410A8 /* Assets.xcassets */ = {isa = PBXFileReference; lastKnownFileType = folder.assetcatalog; path = Assets.xcassets; sourceTree = "<group>"; };
		DEE8C9B728C8AAE8007410A8 /* Preview Assets.xcassets */ = {isa = PBXFileReference; lastKnownFileType = folder.assetcatalog; path = "Preview Assets.xcassets"; sourceTree = "<group>"; };
		DEEF54C028C9C9B6000BA887 /* ListFoodsViewModel.swift */ = {isa = PBXFileReference; lastKnownFileType = sourcecode.swift; path = ListFoodsViewModel.swift; sourceTree = "<group>"; };
		DEEF54C228C9F590000BA887 /* Food.swift */ = {isa = PBXFileReference; lastKnownFileType = sourcecode.swift; path = Food.swift; sourceTree = "<group>"; };
		DEEF54C928C9FD21000BA887 /* ListFoodsView.swift */ = {isa = PBXFileReference; lastKnownFileType = sourcecode.swift; path = ListFoodsView.swift; sourceTree = "<group>"; };
		DEEF54CC28C9FFC3000BA887 /* FoodCard.swift */ = {isa = PBXFileReference; lastKnownFileType = sourcecode.swift; path = FoodCard.swift; sourceTree = "<group>"; };
/* End PBXFileReference section */

/* Begin PBXFrameworksBuildPhase section */
		DEE8C9AA28C8AAE7007410A8 /* Frameworks */ = {
			isa = PBXFrameworksBuildPhase;
			buildActionMask = 2147483647;
			files = (
			);
			runOnlyForDeploymentPostprocessing = 0;
		};
/* End PBXFrameworksBuildPhase section */

/* Begin PBXGroup section */
		DEBD5F7528CA654700B31B3B /* Extensions */ = {
			isa = PBXGroup;
			children = (
				DEBD5F7628CA655B00B31B3B /* NetworkObservers.swift */,
			);
			path = Extensions;
			sourceTree = "<group>";
		};
		DEE8C9A428C8AAE7007410A8 = {
			isa = PBXGroup;
			children = (
				DEE8C9AF28C8AAE7007410A8 /* RadyaLabs Recruitment */,
				DEE8C9AE28C8AAE7007410A8 /* Products */,
			);
			sourceTree = "<group>";
		};
		DEE8C9AE28C8AAE7007410A8 /* Products */ = {
			isa = PBXGroup;
			children = (
				DEE8C9AD28C8AAE7007410A8 /* RadyaLabs Recruitment.app */,
			);
			name = Products;
			sourceTree = "<group>";
		};
		DEE8C9AF28C8AAE7007410A8 /* RadyaLabs Recruitment */ = {
			isa = PBXGroup;
			children = (
				DEBD5F7528CA654700B31B3B /* Extensions */,
				DEEF54BF28C9C996000BA887 /* Model */,
				DEEF54BE28C9C990000BA887 /* ViewModel */,
				DEEF54BD28C9C989000BA887 /* View */,
				DEE8C9B028C8AAE7007410A8 /* RadyaLabs_RecruitmentApp.swift */,
				DEE8C9B428C8AAE8007410A8 /* Assets.xcassets */,
				DEE8C9B628C8AAE8007410A8 /* Preview Content */,
			);
			path = "RadyaLabs Recruitment";
			sourceTree = "<group>";
		};
		DEE8C9B628C8AAE8007410A8 /* Preview Content */ = {
			isa = PBXGroup;
			children = (
				DEE8C9B728C8AAE8007410A8 /* Preview Assets.xcassets */,
			);
			path = "Preview Content";
			sourceTree = "<group>";
		};
		DEEF54BD28C9C989000BA887 /* View */ = {
			isa = PBXGroup;
			children = (
				DEEF54C928C9FD21000BA887 /* ListFoodsView.swift */,
				DEBD5F7328CA5A3C00B31B3B /* FoodDetailsView.swift */,
				DEEF54CB28C9FFB1000BA887 /* Assets */,
			);
			path = View;
			sourceTree = "<group>";
		};
		DEEF54BE28C9C990000BA887 /* ViewModel */ = {
			isa = PBXGroup;
			children = (
				DEEF54C028C9C9B6000BA887 /* ListFoodsViewModel.swift */,
			);
			path = ViewModel;
			sourceTree = "<group>";
		};
		DEEF54BF28C9C996000BA887 /* Model */ = {
			isa = PBXGroup;
			children = (
				DEEF54C228C9F590000BA887 /* Food.swift */,
			);
			path = Model;
			sourceTree = "<group>";
		};
		DEEF54CB28C9FFB1000BA887 /* Assets */ = {
			isa = PBXGroup;
			children = (
				DEEF54CC28C9FFC3000BA887 /* FoodCard.swift */,
			);
			path = Assets;
			sourceTree = "<group>";
		};
/* End PBXGroup section */

/* Begin PBXNativeTarget section */
		DEE8C9AC28C8AAE7007410A8 /* RadyaLabs Recruitment */ = {
			isa = PBXNativeTarget;
			buildConfigurationList = DEE8C9BB28C8AAE8007410A8 /* Build configuration list for PBXNativeTarget "RadyaLabs Recruitment" */;
			buildPhases = (
				DEE8C9A928C8AAE7007410A8 /* Sources */,
				DEE8C9AA28C8AAE7007410A8 /* Frameworks */,
				DEE8C9AB28C8AAE7007410A8 /* Resources */,
			);
			buildRules = (
			);
			dependencies = (
			);
			name = "RadyaLabs Recruitment";
			packageProductDependencies = (
			);
			productName = "RadyaLabs Recruitment";
			productReference = DEE8C9AD28C8AAE7007410A8 /* RadyaLabs Recruitment.app */;
			productType = "com.apple.product-type.application";
		};
/* End PBXNativeTarget section */

/* Begin PBXProject section */
		DEE8C9A528C8AAE7007410A8 /* Project object */ = {
			isa = PBXProject;
			attributes = {
				BuildIndependentTargetsInParallel = 1;
				LastSwiftUpdateCheck = 1340;
				LastUpgradeCheck = 1340;
				TargetAttributes = {
					DEE8C9AC28C8AAE7007410A8 = {
						CreatedOnToolsVersion = 13.4.1;
					};
				};
			};
			buildConfigurationList = DEE8C9A828C8AAE7007410A8 /* Build configuration list for PBXProject "RadyaLabs Recruitment" */;
			compatibilityVersion = "Xcode 13.0";
			developmentRegion = en;
			hasScannedForEncodings = 0;
			knownRegions = (
				en,
				Base,
			);
			mainGroup = DEE8C9A428C8AAE7007410A8;
			packageReferences = (
			);
			productRefGroup = DEE8C9AE28C8AAE7007410A8 /* Products */;
			projectDirPath = "";
			projectRoot = "";
			targets = (
				DEE8C9AC28C8AAE7007410A8 /* RadyaLabs Recruitment */,
			);
		};
/* End PBXProject section */

/* Begin PBXResourcesBuildPhase section */
		DEE8C9AB28C8AAE7007410A8 /* Resources */ = {
			isa = PBXResourcesBuildPhase;
			buildActionMask = 2147483647;
			files = (
				DEE8C9B828C8AAE8007410A8 /* Preview Assets.xcassets in Resources */,
				DEE8C9B528C8AAE8007410A8 /* Assets.xcassets in Resources */,
			);
			runOnlyForDeploymentPostprocessing = 0;
		};
/* End PBXResourcesBuildPhase section */

/* Begin PBXSourcesBuildPhase section */
		DEE8C9A928C8AAE7007410A8 /* Sources */ = {
			isa = PBXSourcesBuildPhase;
			buildActionMask = 2147483647;
			files = (
				DEBD5F7428CA5A3C00B31B3B /* FoodDetailsView.swift in Sources */,
				DEEF54C128C9C9B6000BA887 /* ListFoodsViewModel.swift in Sources */,
				DEEF54C328C9F590000BA887 /* Food.swift in Sources */,
				DEEF54CD28C9FFC3000BA887 /* FoodCard.swift in Sources */,
				DEE8C9B128C8AAE7007410A8 /* RadyaLabs_RecruitmentApp.swift in Sources */,
				DEBD5F7728CA655B00B31B3B /* NetworkObservers.swift in Sources */,
				DEEF54CA28C9FD21000BA887 /* ListFoodsView.swift in Sources */,
			);
			runOnlyForDeploymentPostprocessing = 0;
		};
/* End PBXSourcesBuildPhase section */

/* Begin XCBuildConfiguration section */
		DEE8C9B928C8AAE8007410A8 /* Debug */ = {
			isa = XCBuildConfiguration;
			buildSettings = {
				ALWAYS_SEARCH_USER_PATHS = NO;
				CLANG_ANALYZER_NONNULL = YES;
				CLANG_ANALYZER_NUMBER_OBJECT_CONVERSION = YES_AGGRESSIVE;
				CLANG_CXX_LANGUAGE_STANDARD = "gnu++17";
				CLANG_ENABLE_MODULES = YES;
				CLANG_ENABLE_OBJC_ARC = YES;
				CLANG_ENABLE_OBJC_WEAK = YES;
				CLANG_WARN_BLOCK_CAPTURE_AUTORELEASING = YES;
				CLANG_WARN_BOOL_CONVERSION = YES;
				CLANG_WARN_COMMA = YES;
				CLANG_WARN_CONSTANT_CONVERSION = YES;
				CLANG_WARN_DEPRECATED_OBJC_IMPLEMENTATIONS = YES;
				CLANG_WARN_DIRECT_OBJC_ISA_USAGE = YES_ERROR;
				CLANG_WARN_DOCUMENTATION_COMMENTS = YES;
				CLANG_WARN_EMPTY_BODY = YES;
				CLANG_WARN_ENUM_CONVERSION = YES;
				CLANG_WARN_INFINITE_RECURSION = YES;
				CLANG_WARN_INT_CONVERSION = YES;
				CLANG_WARN_NON_LITERAL_NULL_CONVERSION = YES;
				CLANG_WARN_OBJC_IMPLICIT_RETAIN_SELF = YES;
				CLANG_WARN_OBJC_LITERAL_CONVERSION = YES;
				CLANG_WARN_OBJC_ROOT_CLASS = YES_ERROR;
				CLANG_WARN_QUOTED_INCLUDE_IN_FRAMEWORK_HEADER = YES;
				CLANG_WARN_RANGE_LOOP_ANALYSIS = YES;
				CLANG_WARN_STRICT_PROTOTYPES = YES;
				CLANG_WARN_SUSPICIOUS_MOVE = YES;
				CLANG_WARN_UNGUARDED_AVAILABILITY = YES_AGGRESSIVE;
				CLANG_WARN_UNREACHABLE_CODE = YES;
				CLANG_WARN__DUPLICATE_METHOD_MATCH = YES;
				COPY_PHASE_STRIP = NO;
				DEBUG_INFORMATION_FORMAT = dwarf;
				ENABLE_STRICT_OBJC_MSGSEND = YES;
				ENABLE_TESTABILITY = YES;
				GCC_C_LANGUAGE_STANDARD = gnu11;
				GCC_DYNAMIC_NO_PIC = NO;
				GCC_NO_COMMON_BLOCKS = YES;
				GCC_OPTIMIZATION_LEVEL = 0;
				GCC_PREPROCESSOR_DEFINITIONS = (
					"DEBUG=1",
					"$(inherited)",
				);
				GCC_WARN_64_TO_32_BIT_CONVERSION = YES;
				GCC_WARN_ABOUT_RETURN_TYPE = YES_ERROR;
				GCC_WARN_UNDECLARED_SELECTOR = YES;
				GCC_WARN_UNINITIALIZED_AUTOS = YES_AGGRESSIVE;
				GCC_WARN_UNUSED_FUNCTION = YES;
				GCC_WARN_UNUSED_VARIABLE = YES;
				IPHONEOS_DEPLOYMENT_TARGET = 15.5;
				MTL_ENABLE_DEBUG_INFO = INCLUDE_SOURCE;
				MTL_FAST_MATH = YES;
				ONLY_ACTIVE_ARCH = YES;
				SDKROOT = iphoneos;
				SWIFT_ACTIVE_COMPILATION_CONDITIONS = DEBUG;
				SWIFT_OPTIMIZATION_LEVEL = "-Onone";
			};
			name = Debug;
		};
		DEE8C9BA28C8AAE8007410A8 /* Release */ = {
			isa = XCBuildConfiguration;
			buildSettings = {
				ALWAYS_SEARCH_USER_PATHS = NO;
				CLANG_ANALYZER_NONNULL = YES;
				CLANG_ANALYZER_NUMBER_OBJECT_CONVERSION = YES_AGGRESSIVE;
				CLANG_CXX_LANGUAGE_STANDARD = "gnu++17";
				CLANG_ENABLE_MODULES = YES;
				CLANG_ENABLE_OBJC_ARC = YES;
				CLANG_ENABLE_OBJC_WEAK = YES;
				CLANG_WARN_BLOCK_CAPTURE_AUTORELEASING = YES;
				CLANG_WARN_BOOL_CONVERSION = YES;
				CLANG_WARN_COMMA = YES;
				CLANG_WARN_CONSTANT_CONVERSION = YES;
				CLANG_WARN_DEPRECATED_OBJC_IMPLEMENTATIONS = YES;
				CLANG_WARN_DIRECT_OBJC_ISA_USAGE = YES_ERROR;
				CLANG_WARN_DOCUMENTATION_COMMENTS = YES;
				CLANG_WARN_EMPTY_BODY = YES;
				CLANG_WARN_ENUM_CONVERSION = YES;
				CLANG_WARN_INFINITE_RECURSION = YES;
				CLANG_WARN_INT_CONVERSION = YES;
				CLANG_WARN_NON_LITERAL_NULL_CONVERSION = YES;
				CLANG_WARN_OBJC_IMPLICIT_RETAIN_SELF = YES;
				CLANG_WARN_OBJC_LITERAL_CONVERSION = YES;
				CLANG_WARN_OBJC_ROOT_CLASS = YES_ERROR;
				CLANG_WARN_QUOTED_INCLUDE_IN_FRAMEWORK_HEADER = YES;
				CLANG_WARN_RANGE_LOOP_ANALYSIS = YES;
				CLANG_WARN_STRICT_PROTOTYPES = YES;
				CLANG_WARN_SUSPICIOUS_MOVE = YES;
				CLANG_WARN_UNGUARDED_AVAILABILITY = YES_AGGRESSIVE;
				CLANG_WARN_UNREACHABLE_CODE = YES;
				CLANG_WARN__DUPLICATE_METHOD_MATCH = YES;
				COPY_PHASE_STRIP = NO;
				DEBUG_INFORMATION_FORMAT = "dwarf-with-dsym";
				ENABLE_NS_ASSERTIONS = NO;
				ENABLE_STRICT_OBJC_MSGSEND = YES;
				GCC_C_LANGUAGE_STANDARD = gnu11;
				GCC_NO_COMMON_BLOCKS = YES;
				GCC_WARN_64_TO_32_BIT_CONVERSION = YES;
				GCC_WARN_ABOUT_RETURN_TYPE = YES_ERROR;
				GCC_WARN_UNDECLARED_SELECTOR = YES;
				GCC_WARN_UNINITIALIZED_AUTOS = YES_AGGRESSIVE;
				GCC_WARN_UNUSED_FUNCTION = YES;
				GCC_WARN_UNUSED_VARIABLE = YES;
				IPHONEOS_DEPLOYMENT_TARGET = 15.5;
				MTL_ENABLE_DEBUG_INFO = NO;
				MTL_FAST_MATH = YES;
				SDKROOT = iphoneos;
				SWIFT_COMPILATION_MODE = wholemodule;
				SWIFT_OPTIMIZATION_LEVEL = "-O";
				VALIDATE_PRODUCT = YES;
			};
			name = Release;
		};
		DEE8C9BC28C8AAE8007410A8 /* Debug */ = {
			isa = XCBuildConfiguration;
			buildSettings = {
				ASSETCATALOG_COMPILER_APPICON_NAME = AppIcon;
				ASSETCATALOG_COMPILER_GLOBAL_ACCENT_COLOR_NAME = AccentColor;
				CODE_SIGN_STYLE = Automatic;
				CURRENT_PROJECT_VERSION = 1;
				DEVELOPMENT_ASSET_PATHS = "\"RadyaLabs Recruitment/Preview Content\"";
				DEVELOPMENT_TEAM = XYCHZK7XK5;
				ENABLE_PREVIEWS = YES;
				GENERATE_INFOPLIST_FILE = YES;
				INFOPLIST_KEY_UIApplicationSceneManifest_Generation = YES;
				INFOPLIST_KEY_UIApplicationSupportsIndirectInputEvents = YES;
				INFOPLIST_KEY_UILaunchScreen_Generation = YES;
				INFOPLIST_KEY_UISupportedInterfaceOrientations_iPad = "UIInterfaceOrientationPortrait UIInterfaceOrientationPortraitUpsideDown UIInterfaceOrientationLandscapeLeft UIInterfaceOrientationLandscapeRight";
				INFOPLIST_KEY_UISupportedInterfaceOrientations_iPhone = "UIInterfaceOrientationPortrait UIInterfaceOrientationLandscapeLeft UIInterfaceOrientationLandscapeRight";
				LD_RUNPATH_SEARCH_PATHS = (
					"$(inherited)",
					"@executable_path/Frameworks",
				);
				MARKETING_VERSION = 1.0;
				PRODUCT_BUNDLE_IDENTIFIER = "com.JAW.RadyaLabs-Recruitment";
				PRODUCT_NAME = "$(TARGET_NAME)";
				SWIFT_EMIT_LOC_STRINGS = YES;
				SWIFT_VERSION = 5.0;
				TARGETED_DEVICE_FAMILY = "1,2";
			};
			name = Debug;
		};
		DEE8C9BD28C8AAE8007410A8 /* Release */ = {
			isa = XCBuildConfiguration;
			buildSettings = {
				ASSETCATALOG_COMPILER_APPICON_NAME = AppIcon;
				ASSETCATALOG_COMPILER_GLOBAL_ACCENT_COLOR_NAME = AccentColor;
				CODE_SIGN_STYLE = Automatic;
				CURRENT_PROJECT_VERSION = 1;
				DEVELOPMENT_ASSET_PATHS = "\"RadyaLabs Recruitment/Preview Content\"";
				DEVELOPMENT_TEAM = XYCHZK7XK5;
				ENABLE_PREVIEWS = YES;
				GENERATE_INFOPLIST_FILE = YES;
				INFOPLIST_KEY_UIApplicationSceneManifest_Generation = YES;
				INFOPLIST_KEY_UIApplicationSupportsIndirectInputEvents = YES;
				INFOPLIST_KEY_UILaunchScreen_Generation = YES;
				INFOPLIST_KEY_UISupportedInterfaceOrientations_iPad = "UIInterfaceOrientationPortrait UIInterfaceOrientationPortraitUpsideDown UIInterfaceOrientationLandscapeLeft UIInterfaceOrientationLandscapeRight";
				INFOPLIST_KEY_UISupportedInterfaceOrientations_iPhone = "UIInterfaceOrientationPortrait UIInterfaceOrientationLandscapeLeft UIInterfaceOrientationLandscapeRight";
				LD_RUNPATH_SEARCH_PATHS = (
					"$(inherited)",
					"@executable_path/Frameworks",
				);
				MARKETING_VERSION = 1.0;
				PRODUCT_BUNDLE_IDENTIFIER = "com.JAW.RadyaLabs-Recruitment";
				PRODUCT_NAME = "$(TARGET_NAME)";
				SWIFT_EMIT_LOC_STRINGS = YES;
				SWIFT_VERSION = 5.0;
				TARGETED_DEVICE_FAMILY = "1,2";
			};
			name = Release;
		};
/* End XCBuildConfiguration section */

/* Begin XCConfigurationList section */
		DEE8C9A828C8AAE7007410A8 /* Build configuration list for PBXProject "RadyaLabs Recruitment" */ = {
			isa = XCConfigurationList;
			buildConfigurations = (
				DEE8C9B928C8AAE8007410A8 /* Debug */,
				DEE8C9BA28C8AAE8007410A8 /* Release */,
			);
			defaultConfigurationIsVisible = 0;
			defaultConfigurationName = Release;
		};
		DEE8C9BB28C8AAE8007410A8 /* Build configuration list for PBXNativeTarget "RadyaLabs Recruitment" */ = {
			isa = XCConfigurationList;
			buildConfigurations = (
				DEE8C9BC28C8AAE8007410A8 /* Debug */,
				DEE8C9BD28C8AAE8007410A8 /* Release */,
			);
			defaultConfigurationIsVisible = 0;
			defaultConfigurationName = Release;
		};
/* End XCConfigurationList section */
	};
	rootObject = DEE8C9A528C8AAE7007410A8 /* Project object */;
}
